github.com/beorn7/perks v1.0.1 h1:VlbKKnNfV8bJzeqoa4cOKqO6bYr3WgKZxO8Z16+hsOM=
github.com/beorn7/perks v1.0.1/go.mod h1:G2ZrVWU2WbWT9wwq4/hrbKbnv/1ERSJQ0ibhJ6rlkpw=
github.com/cespare/xxhash/v2 v2.2.0 h1:DC2CZ1Ep5Y4k3ZQ899DldepgrayRUGE6BBZ/cd9Cj44=
github.com/cespare/xxhash/v2 v2.2.0/go.mod h1:VGX0DQ3Q6kWi7AoAeZDth3/j3BqPcfZECY5k8kDCjio=
github.com/davecgh/go-spew v1.1.1 h1:vj9j/u1bqnvCEfJOwUhtlOARqs3+rkHYY13jYWTU97c=
github.com/davecgh/go-spew v1.1.1/go.mod h1:J7Y8YcW2NihsgmVo/mv3lAwl/skON4iLHjSsI+c5H38=
github.com/go-logr/logr v1.2.4 h1:g01GSCwiDw2xSZfjJ2/T9M+S6pFdcNtFYsp+Y43HYDQ=
github.com/go-logr/logr v1.2.4/go.mod h1:jdQByPbusPIv2/zmleS9BjJVeZ6kBagPoEUsqbVz/1A=
github.com/prometheus/client_golang v1.16.0 h1:yk/hx9hDbrGHovbci4BY+pRMfSuuat626eFsHb7tmT8=
github.com/prometheus/client_golang v1.16.0/go.mod h1:Zsulrv/L9oM40tJ7T815tM89lFEugiJ9HzIqaAx4LKc=
github.com/prometheus/client_model v0.4.0 h1:5lQXD3cAg1OXBf4Wq03gTrXHeaV0TQvGfUooCfx1yqY=
github.com/prometheus/client_model v0.4.0/go.mod h1:oMQmHW1/JoDwqLtg57MGgP/Fb1CJEYF2imWWhWtMkYU=
github.com/prometheus/common v0.44.0 h1:+5BrQJwiBB9xsMygAB3TNvpQKOwlkc25LbISbrdOOfY=
github.com/prometheus/common v0.44.0/go.mod h1:ofAIvZbQ1e/nugmZGz4/qCb9Ap1VoSTIO7x0VV9VvuY=
k8s.io/api v0.28.3 h1:Gj1HtbSdB4P08C8rs9AR94MfSGpRhJgsS+GF9V26xMM=
k8s.io/api v0.28.3/go.mod h1:MRCV/jr1dW87/qJnZ57U5Pak65LGmQVkKTzf3AtKFHc=
k8s.io/apimachinery v0.28.3 h1:B1wYx8txOaCQG0HmYF6nbpU8dg6HvA06x5tEffvOe7A=
k8s.io/apimachinery v0.28.3/go.mod h1:uQXBFdMapLGOTH5YhxVKMQ8dTKXVKnnRDdYlvJYCDCk=
k8s.io/client-go v0.28.3 h1:2OqNb72ZuTZPKCl+4gTKvqao0AMOl9f3o2ijbAj3LI4=
k8s.io/client-go v0.28.3/go.mod h1:LTG2Ge/DN1xs0R6y1CvPLvcGbgo5JrmgC3RmA/e0Vko=
sigs.k8s.io/controller-runtime v0.16.3 h1:2TuvuokmfXvDUamSx1SuAOO3eTyye+47mJCigwG62c4=
sigs.k8s.io/controller-runtime v0.16.3/go.mod h1:j7bialYoSWvHPPBJqHvJP6J7BXHrvFkPzGEJSs1pLIM=
